
Microsoft Visual Studio Solution File, Format Version 12.00
# Visual Studio Version 16
VisualStudioVersion = 16.0.33328.57
MinimumVisualStudioVersion = 10.0.40219.1
Project("{FAE04EC0-301F-11D3-BF4B-00C04F79EFBC}") = "HealthClaimApp", "HealthClaimApp.csproj", "{004DF22C-1871-49C2-9E3B-8399ABC30029}"
EndProject
Global
	GlobalSection(SolutionConfigurationPlatforms) = preSolution
		Debug|Any CPU = Debug|Any CPU
		Release|Any CPU = Release|Any CPU
	EndGlobalSection
	GlobalSection(ProjectConfigurationPlatforms) = postSolution
		{004DF22C-1871-49C2-9E3B-8399ABC30029}.Debug|Any CPU.ActiveCfg = Debug|Any CPU
		{004DF22C-1871-49C2-9E3B-8399ABC30029}.Debug|Any CPU.Build.0 = Debug|Any CPU
		{004DF22C-1871-49C2-9E3B-8399ABC30029}.Release|Any CPU.ActiveCfg = Release|Any CPU
		{004DF22C-1871-49C2-9E3B-8399ABC30029}.Release|Any CPU.Build.0 = Release|Any CPU
	EndGlobalSection
	GlobalSection(SolutionProperties) = preSolution
		HideSolutionNode = FALSE
	EndGlobalSection
	GlobalSection(ExtensibilityGlobals) = postSolution
		SolutionGuid = {9492371F-37E9-4B0B-B1C8-838CCC6D1468}
	EndGlobalSection
EndGlobal
